// !$*UTF8*$!
{
	archiveVersion = 1;
	classes = {
	};
	objectVersion = 52;
	objects = {

/* Begin PBXBuildFile section */
		3032222725A9E4D0002BB110 /* AppDelegate.swift in Sources */ = {isa = PBXBuildFile; fileRef = 3032222625A9E4D0002BB110 /* AppDelegate.swift */; };
		3032222B25A9E4D1002BB110 /* Assets.xcassets in Resources */ = {isa = PBXBuildFile; fileRef = 3032222A25A9E4D1002BB110 /* Assets.xcassets */; };
		3032223A25A9E4D1002BB110 /* MakeSwiftCodeOpenTests.swift in Sources */ = {isa = PBXBuildFile; fileRef = 3032223925A9E4D1002BB110 /* MakeSwiftCodeOpenTests.swift */; };
		3032224525A9E4D1002BB110 /* MakeSwiftCodeOpenUITests.swift in Sources */ = {isa = PBXBuildFile; fileRef = 3032224425A9E4D1002BB110 /* MakeSwiftCodeOpenUITests.swift */; };
		3032225B25A9E4F8002BB110 /* ViewController.swift in Sources */ = {isa = PBXBuildFile; fileRef = 3032225825A9E4F7002BB110 /* ViewController.swift */; };
		3032225C25A9E4F8002BB110 /* Main.storyboard in Resources */ = {isa = PBXBuildFile; fileRef = 3032225925A9E4F8002BB110 /* Main.storyboard */; };
		3032225D25A9E4F8002BB110 /* Target.swift in Sources */ = {isa = PBXBuildFile; fileRef = 3032225A25A9E4F8002BB110 /* Target.swift */; };
		3032226825A9E516002BB110 /* Cocoa.framework in Frameworks */ = {isa = PBXBuildFile; fileRef = 3032226725A9E516002BB110 /* Cocoa.framework */; };
		3032227425A9E516002BB110 /* XcodeSourceExtension.appex in Embed App Extensions */ = {isa = PBXBuildFile; fileRef = 3032226525A9E516002BB110 /* XcodeSourceExtension.appex */; settings = {ATTRIBUTES = (RemoveHeadersOnCopy, ); }; };
		3032228225A9E529002BB110 /* DeclSyntaxProtocol+Utilities.swift in Sources */ = {isa = PBXBuildFile; fileRef = 3032227E25A9E529002BB110 /* DeclSyntaxProtocol+Utilities.swift */; };
		3032228325A9E529002BB110 /* SyntaxFactory+Utilities.swift in Sources */ = {isa = PBXBuildFile; fileRef = 3032227F25A9E529002BB110 /* SyntaxFactory+Utilities.swift */; };
		3032228425A9E529002BB110 /* DeclModifierSyntax.swift in Sources */ = {isa = PBXBuildFile; fileRef = 3032228025A9E529002BB110 /* DeclModifierSyntax.swift */; };
		3032228525A9E529002BB110 /* String+Utility.swift in Sources */ = {isa = PBXBuildFile; fileRef = 3032228125A9E529002BB110 /* String+Utility.swift */; };
		3032229225A9E554002BB110 /* AddPublicToKeywords.swift in Sources */ = {isa = PBXBuildFile; fileRef = 3032228E25A9E553002BB110 /* AddPublicToKeywords.swift */; };
		3032229325A9E554002BB110 /* HasModifierListSyntax.swift in Sources */ = {isa = PBXBuildFile; fileRef = 3032228F25A9E553002BB110 /* HasModifierListSyntax.swift */; };
		3032229425A9E554002BB110 /* SourceEditorExtension.swift in Sources */ = {isa = PBXBuildFile; fileRef = 3032229025A9E554002BB110 /* SourceEditorExtension.swift */; };
		3032229525A9E554002BB110 /* SourceEditorCommand.swift in Sources */ = {isa = PBXBuildFile; fileRef = 3032229125A9E554002BB110 /* SourceEditorCommand.swift */; };
		3032229C25A9E580002BB110 /* SwiftSyntax in Frameworks */ = {isa = PBXBuildFile; productRef = 3032229B25A9E580002BB110 /* SwiftSyntax */; };
		303222A225A9E58A002BB110 /* SwiftSyntax in Frameworks */ = {isa = PBXBuildFile; productRef = 303222A125A9E58A002BB110 /* SwiftSyntax */; };
		303222A725A9E58E002BB110 /* XcodeKit.framework in Frameworks */ = {isa = PBXBuildFile; fileRef = 3032226925A9E516002BB110 /* XcodeKit.framework */; };
		303222A825A9E58E002BB110 /* XcodeKit.framework in Embed Frameworks */ = {isa = PBXBuildFile; fileRef = 3032226925A9E516002BB110 /* XcodeKit.framework */; settings = {ATTRIBUTES = (CodeSignOnCopy, RemoveHeadersOnCopy, ); }; };
		303222AB25A9E5B1002BB110 /* lib_InternalSwiftSyntaxParser.dylib in Frameworks */ = {isa = PBXBuildFile; fileRef = 303222AA25A9E5B1002BB110 /* lib_InternalSwiftSyntaxParser.dylib */; };
		303222AC25A9E5B1002BB110 /* lib_InternalSwiftSyntaxParser.dylib in Embed Libraries */ = {isa = PBXBuildFile; fileRef = 303222AA25A9E5B1002BB110 /* lib_InternalSwiftSyntaxParser.dylib */; settings = {ATTRIBUTES = (CodeSignOnCopy, ); }; };
		303222AE25A9E5C2002BB110 /* lib_InternalSwiftSyntaxParser.dylib in Frameworks */ = {isa = PBXBuildFile; fileRef = 303222AA25A9E5B1002BB110 /* lib_InternalSwiftSyntaxParser.dylib */; };
		303222B225A9E641002BB110 /* Target.swift in Sources */ = {isa = PBXBuildFile; fileRef = 3032225A25A9E4F8002BB110 /* Target.swift */; };
/* End PBXBuildFile section */

/* Begin PBXContainerItemProxy section */
		3032223625A9E4D1002BB110 /* PBXContainerItemProxy */ = {
			isa = PBXContainerItemProxy;
			containerPortal = 3032221B25A9E4D0002BB110 /* Project object */;
			proxyType = 1;
			remoteGlobalIDString = 3032222225A9E4D0002BB110;
			remoteInfo = MakeSwiftCodeOpen;
		};
		3032224125A9E4D1002BB110 /* PBXContainerItemProxy */ = {
			isa = PBXContainerItemProxy;
			containerPortal = 3032221B25A9E4D0002BB110 /* Project object */;
			proxyType = 1;
			remoteGlobalIDString = 3032222225A9E4D0002BB110;
			remoteInfo = MakeSwiftCodeOpen;
		};
		3032227225A9E516002BB110 /* PBXContainerItemProxy */ = {
			isa = PBXContainerItemProxy;
			containerPortal = 3032221B25A9E4D0002BB110 /* Project object */;
			proxyType = 1;
			remoteGlobalIDString = 3032226425A9E516002BB110;
			remoteInfo = XcodeSourceExtension;
		};
/* End PBXContainerItemProxy section */

/* Begin PBXCopyFilesBuildPhase section */
		3032227825A9E516002BB110 /* Embed App Extensions */ = {
			isa = PBXCopyFilesBuildPhase;
			buildActionMask = 2147483647;
			dstPath = "";
			dstSubfolderSpec = 13;
			files = (
				3032227425A9E516002BB110 /* XcodeSourceExtension.appex in Embed App Extensions */,
			);
			name = "Embed App Extensions";
			runOnlyForDeploymentPostprocessing = 0;
		};
		303222A925A9E58E002BB110 /* Embed Frameworks */ = {
			isa = PBXCopyFilesBuildPhase;
			buildActionMask = 2147483647;
			dstPath = "";
			dstSubfolderSpec = 10;
			files = (
				303222A825A9E58E002BB110 /* XcodeKit.framework in Embed Frameworks */,
			);
			name = "Embed Frameworks";
			runOnlyForDeploymentPostprocessing = 0;
		};
		303222AD25A9E5B1002BB110 /* Embed Libraries */ = {
			isa = PBXCopyFilesBuildPhase;
			buildActionMask = 2147483647;
			dstPath = "";
			dstSubfolderSpec = 10;
			files = (
				303222AC25A9E5B1002BB110 /* lib_InternalSwiftSyntaxParser.dylib in Embed Libraries */,
			);
			name = "Embed Libraries";
			runOnlyForDeploymentPostprocessing = 0;
		};
/* End PBXCopyFilesBuildPhase section */

/* Begin PBXFileReference section */
		3032222325A9E4D0002BB110 /* MakeSwiftCodeOpen.app */ = {isa = PBXFileReference; explicitFileType = wrapper.application; includeInIndex = 0; path = MakeSwiftCodeOpen.app; sourceTree = BUILT_PRODUCTS_DIR; };
		3032222625A9E4D0002BB110 /* AppDelegate.swift */ = {isa = PBXFileReference; lastKnownFileType = sourcecode.swift; path = AppDelegate.swift; sourceTree = "<group>"; };
		3032222A25A9E4D1002BB110 /* Assets.xcassets */ = {isa = PBXFileReference; lastKnownFileType = folder.assetcatalog; path = Assets.xcassets; sourceTree = "<group>"; };
		3032222F25A9E4D1002BB110 /* Info.plist */ = {isa = PBXFileReference; lastKnownFileType = text.plist.xml; path = Info.plist; sourceTree = "<group>"; };
		3032223025A9E4D1002BB110 /* MakeSwiftCodeOpen.entitlements */ = {isa = PBXFileReference; lastKnownFileType = text.plist.entitlements; path = MakeSwiftCodeOpen.entitlements; sourceTree = "<group>"; };
		3032223525A9E4D1002BB110 /* MakeSwiftCodeOpenTests.xctest */ = {isa = PBXFileReference; explicitFileType = wrapper.cfbundle; includeInIndex = 0; path = MakeSwiftCodeOpenTests.xctest; sourceTree = BUILT_PRODUCTS_DIR; };
		3032223925A9E4D1002BB110 /* MakeSwiftCodeOpenTests.swift */ = {isa = PBXFileReference; lastKnownFileType = sourcecode.swift; path = MakeSwiftCodeOpenTests.swift; sourceTree = "<group>"; };
		3032223B25A9E4D1002BB110 /* Info.plist */ = {isa = PBXFileReference; lastKnownFileType = text.plist.xml; path = Info.plist; sourceTree = "<group>"; };
		3032224025A9E4D1002BB110 /* MakeSwiftCodeOpenUITests.xctest */ = {isa = PBXFileReference; explicitFileType = wrapper.cfbundle; includeInIndex = 0; path = MakeSwiftCodeOpenUITests.xctest; sourceTree = BUILT_PRODUCTS_DIR; };
		3032224425A9E4D1002BB110 /* MakeSwiftCodeOpenUITests.swift */ = {isa = PBXFileReference; lastKnownFileType = sourcecode.swift; path = MakeSwiftCodeOpenUITests.swift; sourceTree = "<group>"; };
		3032224625A9E4D1002BB110 /* Info.plist */ = {isa = PBXFileReference; lastKnownFileType = text.plist.xml; path = Info.plist; sourceTree = "<group>"; };
		3032225825A9E4F7002BB110 /* ViewController.swift */ = {isa = PBXFileReference; fileEncoding = 4; lastKnownFileType = sourcecode.swift; path = ViewController.swift; sourceTree = "<group>"; };
		3032225925A9E4F8002BB110 /* Main.storyboard */ = {isa = PBXFileReference; fileEncoding = 4; lastKnownFileType = file.storyboard; path = Main.storyboard; sourceTree = "<group>"; };
		3032225A25A9E4F8002BB110 /* Target.swift */ = {isa = PBXFileReference; fileEncoding = 4; lastKnownFileType = sourcecode.swift; path = Target.swift; sourceTree = "<group>"; };
		3032226525A9E516002BB110 /* XcodeSourceExtension.appex */ = {isa = PBXFileReference; explicitFileType = "wrapper.app-extension"; includeInIndex = 0; path = XcodeSourceExtension.appex; sourceTree = BUILT_PRODUCTS_DIR; };
		3032226725A9E516002BB110 /* Cocoa.framework */ = {isa = PBXFileReference; lastKnownFileType = wrapper.framework; name = Cocoa.framework; path = System/Library/Frameworks/Cocoa.framework; sourceTree = SDKROOT; };
		3032226925A9E516002BB110 /* XcodeKit.framework */ = {isa = PBXFileReference; lastKnownFileType = wrapper.framework; name = XcodeKit.framework; path = Library/Frameworks/XcodeKit.framework; sourceTree = DEVELOPER_DIR; };
		3032227025A9E516002BB110 /* Info.plist */ = {isa = PBXFileReference; lastKnownFileType = text.plist.xml; path = Info.plist; sourceTree = "<group>"; };
		3032227125A9E516002BB110 /* XcodeSourceExtension.entitlements */ = {isa = PBXFileReference; lastKnownFileType = text.plist.entitlements; path = XcodeSourceExtension.entitlements; sourceTree = "<group>"; };
		3032227E25A9E529002BB110 /* DeclSyntaxProtocol+Utilities.swift */ = {isa = PBXFileReference; fileEncoding = 4; lastKnownFileType = sourcecode.swift; path = "DeclSyntaxProtocol+Utilities.swift"; sourceTree = "<group>"; };
		3032227F25A9E529002BB110 /* SyntaxFactory+Utilities.swift */ = {isa = PBXFileReference; fileEncoding = 4; lastKnownFileType = sourcecode.swift; path = "SyntaxFactory+Utilities.swift"; sourceTree = "<group>"; };
		3032228025A9E529002BB110 /* DeclModifierSyntax.swift */ = {isa = PBXFileReference; fileEncoding = 4; lastKnownFileType = sourcecode.swift; path = DeclModifierSyntax.swift; sourceTree = "<group>"; };
		3032228125A9E529002BB110 /* String+Utility.swift */ = {isa = PBXFileReference; fileEncoding = 4; lastKnownFileType = sourcecode.swift; path = "String+Utility.swift"; sourceTree = "<group>"; };
		3032228E25A9E553002BB110 /* AddPublicToKeywords.swift */ = {isa = PBXFileReference; fileEncoding = 4; lastKnownFileType = sourcecode.swift; path = AddPublicToKeywords.swift; sourceTree = "<group>"; };
		3032228F25A9E553002BB110 /* HasModifierListSyntax.swift */ = {isa = PBXFileReference; fileEncoding = 4; lastKnownFileType = sourcecode.swift; path = HasModifierListSyntax.swift; sourceTree = "<group>"; };
		3032229025A9E554002BB110 /* SourceEditorExtension.swift */ = {isa = PBXFileReference; fileEncoding = 4; lastKnownFileType = sourcecode.swift; path = SourceEditorExtension.swift; sourceTree = "<group>"; };
		3032229125A9E554002BB110 /* SourceEditorCommand.swift */ = {isa = PBXFileReference; fileEncoding = 4; lastKnownFileType = sourcecode.swift; path = SourceEditorCommand.swift; sourceTree = "<group>"; };
		303222AA25A9E5B1002BB110 /* lib_InternalSwiftSyntaxParser.dylib */ = {isa = PBXFileReference; lastKnownFileType = "compiled.mach-o.dylib"; name = lib_InternalSwiftSyntaxParser.dylib; path = ../../../../Applications/Xcode.app/Contents/Frameworks/lib_InternalSwiftSyntaxParser.dylib; sourceTree = "<group>"; };
/* End PBXFileReference section */

/* Begin PBXFrameworksBuildPhase section */
		3032222025A9E4D0002BB110 /* Frameworks */ = {
			isa = PBXFrameworksBuildPhase;
			buildActionMask = 2147483647;
			files = (
				3032229C25A9E580002BB110 /* SwiftSyntax in Frameworks */,
				303222AB25A9E5B1002BB110 /* lib_InternalSwiftSyntaxParser.dylib in Frameworks */,
			);
			runOnlyForDeploymentPostprocessing = 0;
		};
		3032223225A9E4D1002BB110 /* Frameworks */ = {
			isa = PBXFrameworksBuildPhase;
			buildActionMask = 2147483647;
			files = (
			);
			runOnlyForDeploymentPostprocessing = 0;
		};
		3032223D25A9E4D1002BB110 /* Frameworks */ = {
			isa = PBXFrameworksBuildPhase;
			buildActionMask = 2147483647;
			files = (
			);
			runOnlyForDeploymentPostprocessing = 0;
		};
		3032226225A9E516002BB110 /* Frameworks */ = {
			isa = PBXFrameworksBuildPhase;
			buildActionMask = 2147483647;
			files = (
				303222A725A9E58E002BB110 /* XcodeKit.framework in Frameworks */,
				303222AE25A9E5C2002BB110 /* lib_InternalSwiftSyntaxParser.dylib in Frameworks */,
				3032226825A9E516002BB110 /* Cocoa.framework in Frameworks */,
				303222A225A9E58A002BB110 /* SwiftSyntax in Frameworks */,
			);
			runOnlyForDeploymentPostprocessing = 0;
		};
/* End PBXFrameworksBuildPhase section */

/* Begin PBXGroup section */
		3032221A25A9E4D0002BB110 = {
			isa = PBXGroup;
			children = (
				3032222525A9E4D0002BB110 /* MakeSwiftCodeOpen */,
				3032223825A9E4D1002BB110 /* MakeSwiftCodeOpenTests */,
				3032224325A9E4D1002BB110 /* MakeSwiftCodeOpenUITests */,
				3032226B25A9E516002BB110 /* XcodeSourceExtension */,
				3032226625A9E516002BB110 /* Frameworks */,
				3032222425A9E4D0002BB110 /* Products */,
			);
			sourceTree = "<group>";
		};
		3032222425A9E4D0002BB110 /* Products */ = {
			isa = PBXGroup;
			children = (
				3032222325A9E4D0002BB110 /* MakeSwiftCodeOpen.app */,
				3032223525A9E4D1002BB110 /* MakeSwiftCodeOpenTests.xctest */,
				3032224025A9E4D1002BB110 /* MakeSwiftCodeOpenUITests.xctest */,
				3032226525A9E516002BB110 /* XcodeSourceExtension.appex */,
			);
			name = Products;
			sourceTree = "<group>";
		};
		3032222525A9E4D0002BB110 /* MakeSwiftCodeOpen */ = {
			isa = PBXGroup;
			children = (
				3032225925A9E4F8002BB110 /* Main.storyboard */,
				3032225A25A9E4F8002BB110 /* Target.swift */,
				3032225825A9E4F7002BB110 /* ViewController.swift */,
				3032222625A9E4D0002BB110 /* AppDelegate.swift */,
				3032222A25A9E4D1002BB110 /* Assets.xcassets */,
				3032222F25A9E4D1002BB110 /* Info.plist */,
				3032223025A9E4D1002BB110 /* MakeSwiftCodeOpen.entitlements */,
			);
			path = MakeSwiftCodeOpen;
			sourceTree = "<group>";
		};
		3032223825A9E4D1002BB110 /* MakeSwiftCodeOpenTests */ = {
			isa = PBXGroup;
			children = (
				3032223925A9E4D1002BB110 /* MakeSwiftCodeOpenTests.swift */,
				3032223B25A9E4D1002BB110 /* Info.plist */,
			);
			path = MakeSwiftCodeOpenTests;
			sourceTree = "<group>";
		};
		3032224325A9E4D1002BB110 /* MakeSwiftCodeOpenUITests */ = {
			isa = PBXGroup;
			children = (
				3032224425A9E4D1002BB110 /* MakeSwiftCodeOpenUITests.swift */,
				3032224625A9E4D1002BB110 /* Info.plist */,
			);
			path = MakeSwiftCodeOpenUITests;
			sourceTree = "<group>";
		};
		3032226625A9E516002BB110 /* Frameworks */ = {
			isa = PBXGroup;
			children = (
				303222AA25A9E5B1002BB110 /* lib_InternalSwiftSyntaxParser.dylib */,
				3032226725A9E516002BB110 /* Cocoa.framework */,
				3032226925A9E516002BB110 /* XcodeKit.framework */,
			);
			name = Frameworks;
			sourceTree = "<group>";
		};
		3032226B25A9E516002BB110 /* XcodeSourceExtension */ = {
			isa = PBXGroup;
			children = (
				3032228E25A9E553002BB110 /* AddPublicToKeywords.swift */,
				3032228F25A9E553002BB110 /* HasModifierListSyntax.swift */,
				3032229125A9E554002BB110 /* SourceEditorCommand.swift */,
				3032229025A9E554002BB110 /* SourceEditorExtension.swift */,
				3032227D25A9E51D002BB110 /* Extension */,
				3032227025A9E516002BB110 /* Info.plist */,
				3032227125A9E516002BB110 /* XcodeSourceExtension.entitlements */,
			);
			path = XcodeSourceExtension;
			sourceTree = "<group>";
		};
		3032227D25A9E51D002BB110 /* Extension */ = {
			isa = PBXGroup;
			children = (
				3032228025A9E529002BB110 /* DeclModifierSyntax.swift */,
				3032227E25A9E529002BB110 /* DeclSyntaxProtocol+Utilities.swift */,
				3032228125A9E529002BB110 /* String+Utility.swift */,
				3032227F25A9E529002BB110 /* SyntaxFactory+Utilities.swift */,
			);
			path = Extension;
			sourceTree = "<group>";
		};
/* End PBXGroup section */

/* Begin PBXNativeTarget section */
		3032222225A9E4D0002BB110 /* MakeSwiftCodeOpen */ = {
			isa = PBXNativeTarget;
			buildConfigurationList = 3032224925A9E4D1002BB110 /* Build configuration list for PBXNativeTarget "MakeSwiftCodeOpen" */;
			buildPhases = (
				3032221F25A9E4D0002BB110 /* Sources */,
				3032222025A9E4D0002BB110 /* Frameworks */,
				3032222125A9E4D0002BB110 /* Resources */,
				3032227825A9E516002BB110 /* Embed App Extensions */,
				303222AD25A9E5B1002BB110 /* Embed Libraries */,
			);
			buildRules = (
			);
			dependencies = (
				3032227325A9E516002BB110 /* PBXTargetDependency */,
			);
			name = MakeSwiftCodeOpen;
			packageProductDependencies = (
				3032229B25A9E580002BB110 /* SwiftSyntax */,
			);
			productName = MakeSwiftCodeOpen;
			productReference = 3032222325A9E4D0002BB110 /* MakeSwiftCodeOpen.app */;
			productType = "com.apple.product-type.application";
		};
		3032223425A9E4D1002BB110 /* MakeSwiftCodeOpenTests */ = {
			isa = PBXNativeTarget;
			buildConfigurationList = 3032224C25A9E4D1002BB110 /* Build configuration list for PBXNativeTarget "MakeSwiftCodeOpenTests" */;
			buildPhases = (
				3032223125A9E4D1002BB110 /* Sources */,
				3032223225A9E4D1002BB110 /* Frameworks */,
				3032223325A9E4D1002BB110 /* Resources */,
			);
			buildRules = (
			);
			dependencies = (
				3032223725A9E4D1002BB110 /* PBXTargetDependency */,
			);
			name = MakeSwiftCodeOpenTests;
			productName = MakeSwiftCodeOpenTests;
			productReference = 3032223525A9E4D1002BB110 /* MakeSwiftCodeOpenTests.xctest */;
			productType = "com.apple.product-type.bundle.unit-test";
		};
		3032223F25A9E4D1002BB110 /* MakeSwiftCodeOpenUITests */ = {
			isa = PBXNativeTarget;
			buildConfigurationList = 3032224F25A9E4D1002BB110 /* Build configuration list for PBXNativeTarget "MakeSwiftCodeOpenUITests" */;
			buildPhases = (
				3032223C25A9E4D1002BB110 /* Sources */,
				3032223D25A9E4D1002BB110 /* Frameworks */,
				3032223E25A9E4D1002BB110 /* Resources */,
			);
			buildRules = (
			);
			dependencies = (
				3032224225A9E4D1002BB110 /* PBXTargetDependency */,
			);
			name = MakeSwiftCodeOpenUITests;
			productName = MakeSwiftCodeOpenUITests;
			productReference = 3032224025A9E4D1002BB110 /* MakeSwiftCodeOpenUITests.xctest */;
			productType = "com.apple.product-type.bundle.ui-testing";
		};
		3032226425A9E516002BB110 /* XcodeSourceExtension */ = {
			isa = PBXNativeTarget;
			buildConfigurationList = 3032227525A9E516002BB110 /* Build configuration list for PBXNativeTarget "XcodeSourceExtension" */;
			buildPhases = (
				3032226125A9E516002BB110 /* Sources */,
				3032226225A9E516002BB110 /* Frameworks */,
				3032226325A9E516002BB110 /* Resources */,
				303222A925A9E58E002BB110 /* Embed Frameworks */,
			);
			buildRules = (
			);
			dependencies = (
			);
			name = XcodeSourceExtension;
			packageProductDependencies = (
				303222A125A9E58A002BB110 /* SwiftSyntax */,
			);
			productName = XcodeSourceExtension;
			productReference = 3032226525A9E516002BB110 /* XcodeSourceExtension.appex */;
			productType = "com.apple.product-type.xcode-extension";
		};
/* End PBXNativeTarget section */

/* Begin PBXProject section */
		3032221B25A9E4D0002BB110 /* Project object */ = {
			isa = PBXProject;
			attributes = {
				LastSwiftUpdateCheck = 1230;
				LastUpgradeCheck = 1230;
				TargetAttributes = {
					3032222225A9E4D0002BB110 = {
						CreatedOnToolsVersion = 12.3;
					};
					3032223425A9E4D1002BB110 = {
						CreatedOnToolsVersion = 12.3;
						TestTargetID = 3032222225A9E4D0002BB110;
					};
					3032223F25A9E4D1002BB110 = {
						CreatedOnToolsVersion = 12.3;
						TestTargetID = 3032222225A9E4D0002BB110;
					};
					3032226425A9E516002BB110 = {
						CreatedOnToolsVersion = 12.3;
					};
				};
			};
			buildConfigurationList = 3032221E25A9E4D0002BB110 /* Build configuration list for PBXProject "MakeSwiftCodeOpen" */;
			compatibilityVersion = "Xcode 9.3";
			developmentRegion = en;
			hasScannedForEncodings = 0;
			knownRegions = (
				en,
				Base,
			);
			mainGroup = 3032221A25A9E4D0002BB110;
			packageReferences = (
				3032229A25A9E580002BB110 /* XCRemoteSwiftPackageReference "swift-syntax" */,
			);
			productRefGroup = 3032222425A9E4D0002BB110 /* Products */;
			projectDirPath = "";
			projectRoot = "";
			targets = (
				3032222225A9E4D0002BB110 /* MakeSwiftCodeOpen */,
				3032223425A9E4D1002BB110 /* MakeSwiftCodeOpenTests */,
				3032223F25A9E4D1002BB110 /* MakeSwiftCodeOpenUITests */,
				3032226425A9E516002BB110 /* XcodeSourceExtension */,
			);
		};
/* End PBXProject section */

/* Begin PBXResourcesBuildPhase section */
		3032222125A9E4D0002BB110 /* Resources */ = {
			isa = PBXResourcesBuildPhase;
			buildActionMask = 2147483647;
			files = (
				3032222B25A9E4D1002BB110 /* Assets.xcassets in Resources */,
				3032225C25A9E4F8002BB110 /* Main.storyboard in Resources */,
			);
			runOnlyForDeploymentPostprocessing = 0;
		};
		3032223325A9E4D1002BB110 /* Resources */ = {
			isa = PBXResourcesBuildPhase;
			buildActionMask = 2147483647;
			files = (
			);
			runOnlyForDeploymentPostprocessing = 0;
		};
		3032223E25A9E4D1002BB110 /* Resources */ = {
			isa = PBXResourcesBuildPhase;
			buildActionMask = 2147483647;
			files = (
			);
			runOnlyForDeploymentPostprocessing = 0;
		};
		3032226325A9E516002BB110 /* Resources */ = {
			isa = PBXResourcesBuildPhase;
			buildActionMask = 2147483647;
			files = (
			);
			runOnlyForDeploymentPostprocessing = 0;
		};
/* End PBXResourcesBuildPhase section */

/* Begin PBXSourcesBuildPhase section */
		3032221F25A9E4D0002BB110 /* Sources */ = {
			isa = PBXSourcesBuildPhase;
			buildActionMask = 2147483647;
			files = (
				3032225D25A9E4F8002BB110 /* Target.swift in Sources */,
				3032225B25A9E4F8002BB110 /* ViewController.swift in Sources */,
				3032222725A9E4D0002BB110 /* AppDelegate.swift in Sources */,
			);
			runOnlyForDeploymentPostprocessing = 0;
		};
		3032223125A9E4D1002BB110 /* Sources */ = {
			isa = PBXSourcesBuildPhase;
			buildActionMask = 2147483647;
			files = (
				3032223A25A9E4D1002BB110 /* MakeSwiftCodeOpenTests.swift in Sources */,
			);
			runOnlyForDeploymentPostprocessing = 0;
		};
		3032223C25A9E4D1002BB110 /* Sources */ = {
			isa = PBXSourcesBuildPhase;
			buildActionMask = 2147483647;
			files = (
				3032224525A9E4D1002BB110 /* MakeSwiftCodeOpenUITests.swift in Sources */,
			);
			runOnlyForDeploymentPostprocessing = 0;
		};
		3032226125A9E516002BB110 /* Sources */ = {
			isa = PBXSourcesBuildPhase;
			buildActionMask = 2147483647;
			files = (
				3032228425A9E529002BB110 /* DeclModifierSyntax.swift in Sources */,
				3032228225A9E529002BB110 /* DeclSyntaxProtocol+Utilities.swift in Sources */,
				3032229325A9E554002BB110 /* HasModifierListSyntax.swift in Sources */,
				303222B225A9E641002BB110 /* Target.swift in Sources */,
				3032229525A9E554002BB110 /* SourceEditorCommand.swift in Sources */,
				3032228525A9E529002BB110 /* String+Utility.swift in Sources */,
				3032229225A9E554002BB110 /* AddPublicToKeywords.swift in Sources */,
				3032228325A9E529002BB110 /* SyntaxFactory+Utilities.swift in Sources */,
				3032229425A9E554002BB110 /* SourceEditorExtension.swift in Sources */,
			);
			runOnlyForDeploymentPostprocessing = 0;
		};
/* End PBXSourcesBuildPhase section */

/* Begin PBXTargetDependency section */
		3032223725A9E4D1002BB110 /* PBXTargetDependency */ = {
			isa = PBXTargetDependency;
			target = 3032222225A9E4D0002BB110 /* MakeSwiftCodeOpen */;
			targetProxy = 3032223625A9E4D1002BB110 /* PBXContainerItemProxy */;
		};
		3032224225A9E4D1002BB110 /* PBXTargetDependency */ = {
			isa = PBXTargetDependency;
			target = 3032222225A9E4D0002BB110 /* MakeSwiftCodeOpen */;
			targetProxy = 3032224125A9E4D1002BB110 /* PBXContainerItemProxy */;
		};
		3032227325A9E516002BB110 /* PBXTargetDependency */ = {
			isa = PBXTargetDependency;
			target = 3032226425A9E516002BB110 /* XcodeSourceExtension */;
			targetProxy = 3032227225A9E516002BB110 /* PBXContainerItemProxy */;
		};
/* End PBXTargetDependency section */

/* Begin XCBuildConfiguration section */
		3032224725A9E4D1002BB110 /* Debug */ = {
			isa = XCBuildConfiguration;
			buildSettings = {
				ALWAYS_SEARCH_USER_PATHS = NO;
				CLANG_ANALYZER_NONNULL = YES;
				CLANG_ANALYZER_NUMBER_OBJECT_CONVERSION = YES_AGGRESSIVE;
				CLANG_CXX_LANGUAGE_STANDARD = "gnu++14";
				CLANG_CXX_LIBRARY = "libc++";
				CLANG_ENABLE_MODULES = YES;
				CLANG_ENABLE_OBJC_ARC = YES;
				CLANG_ENABLE_OBJC_WEAK = YES;
				CLANG_WARN_BLOCK_CAPTURE_AUTORELEASING = YES;
				CLANG_WARN_BOOL_CONVERSION = YES;
				CLANG_WARN_COMMA = YES;
				CLANG_WARN_CONSTANT_CONVERSION = YES;
				CLANG_WARN_DEPRECATED_OBJC_IMPLEMENTATIONS = YES;
				CLANG_WARN_DIRECT_OBJC_ISA_USAGE = YES_ERROR;
				CLANG_WARN_DOCUMENTATION_COMMENTS = YES;
				CLANG_WARN_EMPTY_BODY = YES;
				CLANG_WARN_ENUM_CONVERSION = YES;
				CLANG_WARN_INFINITE_RECURSION = YES;
				CLANG_WARN_INT_CONVERSION = YES;
				CLANG_WARN_NON_LITERAL_NULL_CONVERSION = YES;
				CLANG_WARN_OBJC_IMPLICIT_RETAIN_SELF = YES;
				CLANG_WARN_OBJC_LITERAL_CONVERSION = YES;
				CLANG_WARN_OBJC_ROOT_CLASS = YES_ERROR;
				CLANG_WARN_QUOTED_INCLUDE_IN_FRAMEWORK_HEADER = YES;
				CLANG_WARN_RANGE_LOOP_ANALYSIS = YES;
				CLANG_WARN_STRICT_PROTOTYPES = YES;
				CLANG_WARN_SUSPICIOUS_MOVE = YES;
				CLANG_WARN_UNGUARDED_AVAILABILITY = YES_AGGRESSIVE;
				CLANG_WARN_UNREACHABLE_CODE = YES;
				CLANG_WARN__DUPLICATE_METHOD_MATCH = YES;
				COPY_PHASE_STRIP = NO;
				DEBUG_INFORMATION_FORMAT = dwarf;
				ENABLE_STRICT_OBJC_MSGSEND = YES;
				ENABLE_TESTABILITY = YES;
				GCC_C_LANGUAGE_STANDARD = gnu11;
				GCC_DYNAMIC_NO_PIC = NO;
				GCC_NO_COMMON_BLOCKS = YES;
				GCC_OPTIMIZATION_LEVEL = 0;
				GCC_PREPROCESSOR_DEFINITIONS = (
					"DEBUG=1",
					"$(inherited)",
				);
				GCC_WARN_64_TO_32_BIT_CONVERSION = YES;
				GCC_WARN_ABOUT_RETURN_TYPE = YES_ERROR;
				GCC_WARN_UNDECLARED_SELECTOR = YES;
				GCC_WARN_UNINITIALIZED_AUTOS = YES_AGGRESSIVE;
				GCC_WARN_UNUSED_FUNCTION = YES;
				GCC_WARN_UNUSED_VARIABLE = YES;
				MACOSX_DEPLOYMENT_TARGET = 11.1;
				MTL_ENABLE_DEBUG_INFO = INCLUDE_SOURCE;
				MTL_FAST_MATH = YES;
				ONLY_ACTIVE_ARCH = YES;
				SDKROOT = macosx;
				SWIFT_ACTIVE_COMPILATION_CONDITIONS = DEBUG;
				SWIFT_OPTIMIZATION_LEVEL = "-Onone";
			};
			name = Debug;
		};
		3032224825A9E4D1002BB110 /* Release */ = {
			isa = XCBuildConfiguration;
			buildSettings = {
				ALWAYS_SEARCH_USER_PATHS = NO;
				CLANG_ANALYZER_NONNULL = YES;
				CLANG_ANALYZER_NUMBER_OBJECT_CONVERSION = YES_AGGRESSIVE;
				CLANG_CXX_LANGUAGE_STANDARD = "gnu++14";
				CLANG_CXX_LIBRARY = "libc++";
				CLANG_ENABLE_MODULES = YES;
				CLANG_ENABLE_OBJC_ARC = YES;
				CLANG_ENABLE_OBJC_WEAK = YES;
				CLANG_WARN_BLOCK_CAPTURE_AUTORELEASING = YES;
				CLANG_WARN_BOOL_CONVERSION = YES;
				CLANG_WARN_COMMA = YES;
				CLANG_WARN_CONSTANT_CONVERSION = YES;
				CLANG_WARN_DEPRECATED_OBJC_IMPLEMENTATIONS = YES;
				CLANG_WARN_DIRECT_OBJC_ISA_USAGE = YES_ERROR;
				CLANG_WARN_DOCUMENTATION_COMMENTS = YES;
				CLANG_WARN_EMPTY_BODY = YES;
				CLANG_WARN_ENUM_CONVERSION = YES;
				CLANG_WARN_INFINITE_RECURSION = YES;
				CLANG_WARN_INT_CONVERSION = YES;
				CLANG_WARN_NON_LITERAL_NULL_CONVERSION = YES;
				CLANG_WARN_OBJC_IMPLICIT_RETAIN_SELF = YES;
				CLANG_WARN_OBJC_LITERAL_CONVERSION = YES;
				CLANG_WARN_OBJC_ROOT_CLASS = YES_ERROR;
				CLANG_WARN_QUOTED_INCLUDE_IN_FRAMEWORK_HEADER = YES;
				CLANG_WARN_RANGE_LOOP_ANALYSIS = YES;
				CLANG_WARN_STRICT_PROTOTYPES = YES;
				CLANG_WARN_SUSPICIOUS_MOVE = YES;
				CLANG_WARN_UNGUARDED_AVAILABILITY = YES_AGGRESSIVE;
				CLANG_WARN_UNREACHABLE_CODE = YES;
				CLANG_WARN__DUPLICATE_METHOD_MATCH = YES;
				COPY_PHASE_STRIP = NO;
				DEBUG_INFORMATION_FORMAT = "dwarf-with-dsym";
				ENABLE_NS_ASSERTIONS = NO;
				ENABLE_STRICT_OBJC_MSGSEND = YES;
				GCC_C_LANGUAGE_STANDARD = gnu11;
				GCC_NO_COMMON_BLOCKS = YES;
				GCC_WARN_64_TO_32_BIT_CONVERSION = YES;
				GCC_WARN_ABOUT_RETURN_TYPE = YES_ERROR;
				GCC_WARN_UNDECLARED_SELECTOR = YES;
				GCC_WARN_UNINITIALIZED_AUTOS = YES_AGGRESSIVE;
				GCC_WARN_UNUSED_FUNCTION = YES;
				GCC_WARN_UNUSED_VARIABLE = YES;
				MACOSX_DEPLOYMENT_TARGET = 11.1;
				MTL_ENABLE_DEBUG_INFO = NO;
				MTL_FAST_MATH = YES;
				SDKROOT = macosx;
				SWIFT_COMPILATION_MODE = wholemodule;
				SWIFT_OPTIMIZATION_LEVEL = "-O";
			};
			name = Release;
		};
		3032224A25A9E4D1002BB110 /* Debug */ = {
			isa = XCBuildConfiguration;
			buildSettings = {
				ALWAYS_EMBED_SWIFT_STANDARD_LIBRARIES = YES;
				ASSETCATALOG_COMPILER_APPICON_NAME = AppIcon;
				ASSETCATALOG_COMPILER_GLOBAL_ACCENT_COLOR_NAME = AccentColor;
				CODE_SIGN_ENTITLEMENTS = MakeSwiftCodeOpen/MakeSwiftCodeOpen.entitlements;
				CODE_SIGN_STYLE = Automatic;
				COMBINE_HIDPI_IMAGES = YES;
				DEVELOPMENT_TEAM = R33Y42SDDR;
				ENABLE_HARDENED_RUNTIME = YES;
				INFOPLIST_FILE = MakeSwiftCodeOpen/Info.plist;
				LD_RUNPATH_SEARCH_PATHS = (
					"$(inherited)",
					"@executable_path/../Frameworks",
				);
				PRODUCT_BUNDLE_IDENTIFIER = kazuhiro.hayashi.MakeSwiftCodeOpen;
				PRODUCT_NAME = "$(TARGET_NAME)";
				SWIFT_VERSION = 5.0;
			};
			name = Debug;
		};
		3032224B25A9E4D1002BB110 /* Release */ = {
			isa = XCBuildConfiguration;
			buildSettings = {
				ALWAYS_EMBED_SWIFT_STANDARD_LIBRARIES = YES;
				ASSETCATALOG_COMPILER_APPICON_NAME = AppIcon;
				ASSETCATALOG_COMPILER_GLOBAL_ACCENT_COLOR_NAME = AccentColor;
				CODE_SIGN_ENTITLEMENTS = MakeSwiftCodeOpen/MakeSwiftCodeOpen.entitlements;
				CODE_SIGN_STYLE = Automatic;
				COMBINE_HIDPI_IMAGES = YES;
				DEVELOPMENT_TEAM = R33Y42SDDR;
				ENABLE_HARDENED_RUNTIME = YES;
				INFOPLIST_FILE = MakeSwiftCodeOpen/Info.plist;
				LD_RUNPATH_SEARCH_PATHS = (
					"$(inherited)",
					"@executable_path/../Frameworks",
				);
				PRODUCT_BUNDLE_IDENTIFIER = kazuhiro.hayashi.MakeSwiftCodeOpen;
				PRODUCT_NAME = "$(TARGET_NAME)";
				SWIFT_VERSION = 5.0;
			};
			name = Release;
		};
		3032224D25A9E4D1002BB110 /* Debug */ = {
			isa = XCBuildConfiguration;
			buildSettings = {
				ALWAYS_EMBED_SWIFT_STANDARD_LIBRARIES = YES;
				BUNDLE_LOADER = "$(TEST_HOST)";
				CODE_SIGN_STYLE = Automatic;
				COMBINE_HIDPI_IMAGES = YES;
				DEVELOPMENT_TEAM = R33Y42SDDR;
				INFOPLIST_FILE = MakeSwiftCodeOpenTests/Info.plist;
				LD_RUNPATH_SEARCH_PATHS = (
					"$(inherited)",
					"@executable_path/../Frameworks",
					"@loader_path/../Frameworks",
				);
				MACOSX_DEPLOYMENT_TARGET = 11.1;
				PRODUCT_BUNDLE_IDENTIFIER = kazuhiro.hayashi.MakeSwiftCodeOpenTests;
				PRODUCT_NAME = "$(TARGET_NAME)";
				SWIFT_VERSION = 5.0;
				TEST_HOST = "$(BUILT_PRODUCTS_DIR)/MakeSwiftCodeOpen.app/Contents/MacOS/MakeSwiftCodeOpen";
			};
			name = Debug;
		};
		3032224E25A9E4D1002BB110 /* Release */ = {
			isa = XCBuildConfiguration;
			buildSettings = {
				ALWAYS_EMBED_SWIFT_STANDARD_LIBRARIES = YES;
				BUNDLE_LOADER = "$(TEST_HOST)";
				CODE_SIGN_STYLE = Automatic;
				COMBINE_HIDPI_IMAGES = YES;
				DEVELOPMENT_TEAM = R33Y42SDDR;
				INFOPLIST_FILE = MakeSwiftCodeOpenTests/Info.plist;
				LD_RUNPATH_SEARCH_PATHS = (
					"$(inherited)",
					"@executable_path/../Frameworks",
					"@loader_path/../Frameworks",
				);
				MACOSX_DEPLOYMENT_TARGET = 11.1;
				PRODUCT_BUNDLE_IDENTIFIER = kazuhiro.hayashi.MakeSwiftCodeOpenTests;
				PRODUCT_NAME = "$(TARGET_NAME)";
				SWIFT_VERSION = 5.0;
				TEST_HOST = "$(BUILT_PRODUCTS_DIR)/MakeSwiftCodeOpen.app/Contents/MacOS/MakeSwiftCodeOpen";
			};
			name = Release;
		};
		3032225025A9E4D1002BB110 /* Debug */ = {
			isa = XCBuildConfiguration;
			buildSettings = {
				ALWAYS_EMBED_SWIFT_STANDARD_LIBRARIES = YES;
				CODE_SIGN_STYLE = Automatic;
				COMBINE_HIDPI_IMAGES = YES;
				DEVELOPMENT_TEAM = R33Y42SDDR;
				INFOPLIST_FILE = MakeSwiftCodeOpenUITests/Info.plist;
				LD_RUNPATH_SEARCH_PATHS = (
					"$(inherited)",
					"@executable_path/../Frameworks",
					"@loader_path/../Frameworks",
				);
				PRODUCT_BUNDLE_IDENTIFIER = kazuhiro.hayashi.MakeSwiftCodeOpenUITests;
				PRODUCT_NAME = "$(TARGET_NAME)";
				SWIFT_VERSION = 5.0;
				TEST_TARGET_NAME = MakeSwiftCodeOpen;
			};
			name = Debug;
		};
		3032225125A9E4D1002BB110 /* Release */ = {
			isa = XCBuildConfiguration;
			buildSettings = {
				ALWAYS_EMBED_SWIFT_STANDARD_LIBRARIES = YES;
				CODE_SIGN_STYLE = Automatic;
				COMBINE_HIDPI_IMAGES = YES;
				DEVELOPMENT_TEAM = R33Y42SDDR;
				INFOPLIST_FILE = MakeSwiftCodeOpenUITests/Info.plist;
				LD_RUNPATH_SEARCH_PATHS = (
					"$(inherited)",
					"@executable_path/../Frameworks",
					"@loader_path/../Frameworks",
				);
				PRODUCT_BUNDLE_IDENTIFIER = kazuhiro.hayashi.MakeSwiftCodeOpenUITests;
				PRODUCT_NAME = "$(TARGET_NAME)";
				SWIFT_VERSION = 5.0;
				TEST_TARGET_NAME = MakeSwiftCodeOpen;
			};
			name = Release;
		};
		3032227625A9E516002BB110 /* Debug */ = {
			isa = XCBuildConfiguration;
			buildSettings = {
				CODE_SIGN_ENTITLEMENTS = XcodeSourceExtension/XcodeSourceExtension.entitlements;
				CODE_SIGN_STYLE = Automatic;
				COMBINE_HIDPI_IMAGES = YES;
				DEVELOPMENT_TEAM = R33Y42SDDR;
				ENABLE_HARDENED_RUNTIME = YES;
				INFOPLIST_FILE = XcodeSourceExtension/Info.plist;
				LD_RUNPATH_SEARCH_PATHS = (
					"$(inherited)",
					"@executable_path/../Frameworks",
					"@executable_path/../../../../Frameworks",
				);
				PRODUCT_BUNDLE_IDENTIFIER = kazuhiro.hayashi.MakeSwiftCodeOpen.XcodeSourceExtension;
				PRODUCT_NAME = "$(TARGET_NAME)";
				SKIP_INSTALL = YES;
				SWIFT_VERSION = 5.0;
			};
			name = Debug;
		};
		3032227725A9E516002BB110 /* Release */ = {
			isa = XCBuildConfiguration;
			buildSettings = {
				CODE_SIGN_ENTITLEMENTS = XcodeSourceExtension/XcodeSourceExtension.entitlements;
				CODE_SIGN_STYLE = Automatic;
				COMBINE_HIDPI_IMAGES = YES;
				DEVELOPMENT_TEAM = R33Y42SDDR;
				ENABLE_HARDENED_RUNTIME = YES;
				INFOPLIST_FILE = XcodeSourceExtension/Info.plist;
				LD_RUNPATH_SEARCH_PATHS = (
					"$(inherited)",
					"@executable_path/../Frameworks",
					"@executable_path/../../../../Frameworks",
				);
				PRODUCT_BUNDLE_IDENTIFIER = kazuhiro.hayashi.MakeSwiftCodeOpen.XcodeSourceExtension;
				PRODUCT_NAME = "$(TARGET_NAME)";
				SKIP_INSTALL = YES;
				SWIFT_VERSION = 5.0;
			};
			name = Release;
		};
/* End XCBuildConfiguration section */

/* Begin XCConfigurationList section */
		3032221E25A9E4D0002BB110 /* Build configuration list for PBXProject "MakeSwiftCodeOpen" */ = {
			isa = XCConfigurationList;
			buildConfigurations = (
				3032224725A9E4D1002BB110 /* Debug */,
				3032224825A9E4D1002BB110 /* Release */,
			);
			defaultConfigurationIsVisible = 0;
			defaultConfigurationName = Release;
		};
		3032224925A9E4D1002BB110 /* Build configuration list for PBXNativeTarget "MakeSwiftCodeOpen" */ = {
			isa = XCConfigurationList;
			buildConfigurations = (
				3032224A25A9E4D1002BB110 /* Debug */,
				3032224B25A9E4D1002BB110 /* Release */,
			);
			defaultConfigurationIsVisible = 0;
			defaultConfigurationName = Release;
		};
		3032224C25A9E4D1002BB110 /* Build configuration list for PBXNativeTarget "MakeSwiftCodeOpenTests" */ = {
			isa = XCConfigurationList;
			buildConfigurations = (
				3032224D25A9E4D1002BB110 /* Debug */,
				3032224E25A9E4D1002BB110 /* Release */,
			);
			defaultConfigurationIsVisible = 0;
			defaultConfigurationName = Release;
		};
		3032224F25A9E4D1002BB110 /* Build configuration list for PBXNativeTarget "MakeSwiftCodeOpenUITests" */ = {
			isa = XCConfigurationList;
			buildConfigurations = (
				3032225025A9E4D1002BB110 /* Debug */,
				3032225125A9E4D1002BB110 /* Release */,
			);
			defaultConfigurationIsVisible = 0;
			defaultConfigurationName = Release;
		};
		3032227525A9E516002BB110 /* Build configuration list for PBXNativeTarget "XcodeSourceExtension" */ = {
			isa = XCConfigurationList;
			buildConfigurations = (
				3032227625A9E516002BB110 /* Debug */,
				3032227725A9E516002BB110 /* Release */,
			);
			defaultConfigurationIsVisible = 0;
			defaultConfigurationName = Release;
		};
/* End XCConfigurationList section */

/* Begin XCRemoteSwiftPackageReference section */
		3032229A25A9E580002BB110 /* XCRemoteSwiftPackageReference "swift-syntax" */ = {
			isa = XCRemoteSwiftPackageReference;
			repositoryURL = "https://github.com/apple/swift-syntax.git";
			requirement = {
				branch = "swift-5.3-DEVELOPMENT-SNAPSHOT-2020-11-11-a";
				kind = branch;
			};
		};
/* End XCRemoteSwiftPackageReference section */

/* Begin XCSwiftPackageProductDependency section */
		3032229B25A9E580002BB110 /* SwiftSyntax */ = {
			isa = XCSwiftPackageProductDependency;
			package = 3032229A25A9E580002BB110 /* XCRemoteSwiftPackageReference "swift-syntax" */;
			productName = SwiftSyntax;
		};
		303222A125A9E58A002BB110 /* SwiftSyntax */ = {
			isa = XCSwiftPackageProductDependency;
			package = 3032229A25A9E580002BB110 /* XCRemoteSwiftPackageReference "swift-syntax" */;
			productName = SwiftSyntax;
		};
/* End XCSwiftPackageProductDependency section */
	};
	rootObject = 3032221B25A9E4D0002BB110 /* Project object */;
}
